
Microsoft Visual Studio Solution File, Format Version 12.00
# Visual Studio 2012
Project("{EAE04EC0-301F-11D3-BF4B-00C04F79EFBC}") = "OpenTable.Services.Components.RabbitMq", "Project\OpenTable.Services.Components.RabbitMq.csproj", "{883B8E71-5F3D-496E-BAB3-38DB09C8096E}"
EndProject
Project("{EAE04EC0-301F-11D3-BF4B-00C04F79EFBC}") = "OpenTable.Services.Components.RabbitMq.UnitTests", "UnitTests\OpenTable.Services.Components.RabbitMq.UnitTests.csproj", "{7A70F4C3-17CB-43E6-8557-CFB5CBDFB851}"
EndProject
Global
	GlobalSection(SolutionConfigurationPlatforms) = preSolution
		Debug|Any CPU = Debug|Any CPU
		Release|Any CPU = Release|Any CPU
	EndGlobalSection
	GlobalSection(ProjectConfigurationPlatforms) = postSolution
		{883B8E71-5F3D-496E-BAB3-38DB09C8096E}.Debug|Any CPU.ActiveCfg = Debug|Any CPU
		{883B8E71-5F3D-496E-BAB3-38DB09C8096E}.Debug|Any CPU.Build.0 = Debug|Any CPU
		{883B8E71-5F3D-496E-BAB3-38DB09C8096E}.Release|Any CPU.ActiveCfg = Release|Any CPU
		{883B8E71-5F3D-496E-BAB3-38DB09C8096E}.Release|Any CPU.Build.0 = Release|Any CPU
		{7A70F4C3-17CB-43E6-8557-CFB5CBDFB851}.Debug|Any CPU.ActiveCfg = Debug|Any CPU
		{7A70F4C3-17CB-43E6-8557-CFB5CBDFB851}.Debug|Any CPU.Build.0 = Debug|Any CPU
		{7A70F4C3-17CB-43E6-8557-CFB5CBDFB851}.Release|Any CPU.ActiveCfg = Release|Any CPU
		{7A70F4C3-17CB-43E6-8557-CFB5CBDFB851}.Release|Any CPU.Build.0 = Release|Any CPU
	EndGlobalSection
	GlobalSection(SolutionProperties) = preSolution
		HideSolutionNode = FALSE
	EndGlobalSection
EndGlobal
